
Microsoft Visual Studio Solution File, Format Version 12.00
# Visual Studio 14
VisualStudioVersion = 14.0.25420.1
MinimumVisualStudioVersion = 10.0.40219.1
Project("{FAE04EC0-301F-11D3-BF4B-00C04F79EFBC}") = "Util", "Util\Util.csproj", "{8EF2B627-1A27-43C0-AE04-2972A64B577A}"
EndProject
Project("{FAE04EC0-301F-11D3-BF4B-00C04F79EFBC}") = "Playground", "Playground\Playground.csproj", "{D611CCEA-FDA0-4FC1-B53C-1CB5D199477B}"
EndProject
Global
	GlobalSection(SolutionConfigurationPlatforms) = preSolution
		Debug|Any CPU = Debug|Any CPU
		Release|Any CPU = Release|Any CPU
	EndGlobalSection
	GlobalSection(ProjectConfigurationPlatforms) = postSolution
		{8EF2B627-1A27-43C0-AE04-2972A64B577A}.Debug|Any CPU.ActiveCfg = Debug|Any CPU
		{8EF2B627-1A27-43C0-AE04-2972A64B577A}.Debug|Any CPU.Build.0 = Debug|Any CPU
		{8EF2B627-1A27-43C0-AE04-2972A64B577A}.Release|Any CPU.ActiveCfg = Release|Any CPU
		{8EF2B627-1A27-43C0-AE04-2972A64B577A}.Release|Any CPU.Build.0 = Release|Any CPU
		{D611CCEA-FDA0-4FC1-B53C-1CB5D199477B}.Debug|Any CPU.ActiveCfg = Debug|Any CPU
		{D611CCEA-FDA0-4FC1-B53C-1CB5D199477B}.Debug|Any CPU.Build.0 = Debug|Any CPU
		{D611CCEA-FDA0-4FC1-B53C-1CB5D199477B}.Release|Any CPU.ActiveCfg = Release|Any CPU
		{D611CCEA-FDA0-4FC1-B53C-1CB5D199477B}.Release|Any CPU.Build.0 = Release|Any CPU
	EndGlobalSection
	GlobalSection(SolutionProperties) = preSolution
		HideSolutionNode = FALSE
	EndGlobalSection
EndGlobal
